<?xml version="1.0" encoding="utf-8"?>
<Project ToolsVersion="4.0" xmlns="http://schemas.microsoft.com/developer/msbuild/2003">
  <ItemGroup>
    <Filter Include="Source Files">
      <UniqueIdentifier>{add52cd9-6d40-46ad-bc26-f4a617c115de}</UniqueIdentifier>
      <Extensions>cpp;c;cxx;rc;def;r;odl;idl;hpj;bat</Extensions>
    </Filter>
    <Filter Include="Resource Files">
      <UniqueIdentifier>{e600ae27-94ef-4ccb-b66e-7a957cabbe9b}</UniqueIdentifier>
      <Extensions>ico;cur;bmp;dlg;rc2;rct;bin;rgs;gif;jpg;jpeg;jpe</Extensions>
    </Filter>
    <Filter Include="Header Files">
      <UniqueIdentifier>{c3dd8157-9c59-4fc9-a624-89eead748353}</UniqueIdentifier>
      <Extensions>h;hpp;hxx;hm;inl</Extensions>
    </Filter>
  </ItemGroup>
  <ItemGroup>
    <ClCompile Include="IActiveScriptSite.c">
      <Filter>Source Files</Filter>
    </ClCompile>
    <ClCompile Include="IConstants.c">
      <Filter>Source Files</Filter>
    </ClCompile>
    <ClCompile Include="IDocument.c">
      <Filter>Source Files</Filter>
    </ClCompile>
    <ClCompile Include="IScriptSettings.c">
      <Filter>Source Files</Filter>
    </ClCompile>
    <ClCompile Include="IServer.c">
      <Filter>Source Files</Filter>
    </ClCompile>
    <ClCompile Include="ISystemFunction.c">
      <Filter>Source Files</Filter>
    </ClCompile>
    <ClCompile Include="IWArguments.c">
      <Filter>Source Files</Filter>
    </ClCompile>
    <ClCompile Include="IWScript.c">
      <Filter>Source Files</Filter>
    </ClCompile>
    <ClCompile Include="Scripts.c">
      <Filter>Source Files</Filter>
    </ClCompile>
    <ClCompile Include="IGlobal.c">
      <Filter>Source Files</Filter>
    </ClCompile>
  </ItemGroup>
  <ItemGroup>
    <Midl Include="Scripts.idl">
      <Filter>Source Files</Filter>
    </Midl>
  </ItemGroup>
  <ItemGroup>
    <Image Include="Resources\Scripts.ico">
      <Filter>Resource Files</Filter>
    </Image>
  </ItemGroup>
  <ItemGroup>
    <ResourceCompile Include="Resources\Scripts.rc">
      <Filter>Resource Files</Filter>
    </ResourceCompile>
  </ItemGroup>
  <ItemGroup>
    <CustomBuild Include="Scripts.def">
      <Filter>Source Files</Filter>
    </CustomBuild>
    <CustomBuild Include="ISystemFunction64.asm" />
  </ItemGroup>
  <ItemGroup>
    <ClInclude Include="IActiveScriptSite.h">
      <Filter>Header Files</Filter>
    </ClInclude>
    <ClInclude Include="IConstants.h">
      <Filter>Header Files</Filter>
    </ClInclude>
    <ClInclude Include="IDocument.h">
      <Filter>Header Files</Filter>
    </ClInclude>
    <ClInclude Include="IScriptSettings.h">
      <Filter>Header Files</Filter>
    </ClInclude>
    <ClInclude Include="IServer.h">
      <Filter>Header Files</Filter>
    </ClInclude>
    <ClInclude Include="ISystemFunction.h">
      <Filter>Header Files</Filter>
    </ClInclude>
    <ClInclude Include="IWArguments.h">
      <Filter>Header Files</Filter>
    </ClInclude>
    <ClInclude Include="IWScript.h">
      <Filter>Header Files</Filter>
    </ClInclude>
    <ClInclude Include="Scripts.h">
      <Filter>Header Files</Filter>
    </ClInclude>
    <ClInclude Include="IGlobal.h">
      <Filter>Header Files</Filter>
    </ClInclude>
  </ItemGroup>
</Project>