
Microsoft Visual Studio Solution File, Format Version 9.00
# Visual Studio 2005
Project("{8BC9CEB8-8B4A-11D0-8D11-00A0C91BC942}") = "AkelPad", "AkelPad.vcproj", "{CCE9CF34-BA4E-4ED1-B7E2-7515BE41E443}"
EndProject
Global
	GlobalSection(DPCodeReviewSolutionGUID) = preSolution
		DPCodeReviewSolutionGUID = {00000000-0000-0000-0000-000000000000}
	EndGlobalSection
	GlobalSection(SolutionConfigurationPlatforms) = preSolution
		Debug English|Win32 = Debug English|Win32
		Debug English|x64 = Debug English|x64
		Dinamic Release English|Win32 = Dinamic Release English|Win32
		Dinamic Release English|x64 = Dinamic Release English|x64
		Library Debug English|Win32 = Library Debug English|Win32
		Library Debug English|x64 = Library Debug English|x64
		Release English|Win32 = Release English|Win32
		Release English|x64 = Release English|x64
	EndGlobalSection
	GlobalSection(ProjectConfigurationPlatforms) = postSolution
		{CCE9CF34-BA4E-4ED1-B7E2-7515BE41E443}.Debug English|Win32.ActiveCfg = Debug English|Win32
		{CCE9CF34-BA4E-4ED1-B7E2-7515BE41E443}.Debug English|Win32.Build.0 = Debug English|Win32
		{CCE9CF34-BA4E-4ED1-B7E2-7515BE41E443}.Debug English|x64.ActiveCfg = Debug English|x64
		{CCE9CF34-BA4E-4ED1-B7E2-7515BE41E443}.Debug English|x64.Build.0 = Debug English|x64
		{CCE9CF34-BA4E-4ED1-B7E2-7515BE41E443}.Dinamic Release English|Win32.ActiveCfg = Dinamic Release English|Win32
		{CCE9CF34-BA4E-4ED1-B7E2-7515BE41E443}.Dinamic Release English|Win32.Build.0 = Dinamic Release English|Win32
		{CCE9CF34-BA4E-4ED1-B7E2-7515BE41E443}.Dinamic Release English|x64.ActiveCfg = Dinamic Release English|x64
		{CCE9CF34-BA4E-4ED1-B7E2-7515BE41E443}.Dinamic Release English|x64.Build.0 = Dinamic Release English|x64
		{CCE9CF34-BA4E-4ED1-B7E2-7515BE41E443}.Library Debug English|Win32.ActiveCfg = Library Debug English|Win32
		{CCE9CF34-BA4E-4ED1-B7E2-7515BE41E443}.Library Debug English|Win32.Build.0 = Library Debug English|Win32
		{CCE9CF34-BA4E-4ED1-B7E2-7515BE41E443}.Library Debug English|x64.ActiveCfg = Library Debug English|x64
		{CCE9CF34-BA4E-4ED1-B7E2-7515BE41E443}.Library Debug English|x64.Build.0 = Library Debug English|x64
		{CCE9CF34-BA4E-4ED1-B7E2-7515BE41E443}.Release English|Win32.ActiveCfg = Release English|Win32
		{CCE9CF34-BA4E-4ED1-B7E2-7515BE41E443}.Release English|Win32.Build.0 = Release English|Win32
		{CCE9CF34-BA4E-4ED1-B7E2-7515BE41E443}.Release English|x64.ActiveCfg = Release English|x64
		{CCE9CF34-BA4E-4ED1-B7E2-7515BE41E443}.Release English|x64.Build.0 = Release English|x64
	EndGlobalSection
	GlobalSection(SolutionProperties) = preSolution
		HideSolutionNode = FALSE
	EndGlobalSection
EndGlobal
