<?xml version="1.0" encoding="utf-8"?>
<Project ToolsVersion="4.0" xmlns="http://schemas.microsoft.com/developer/msbuild/2003">
  <ItemGroup>
    <Filter Include="Source Files">
      <UniqueIdentifier>{0cf96dd9-4107-47d7-ae74-248982034f63}</UniqueIdentifier>
      <Extensions>cpp;c;cxx;rc;def;r;odl;idl;hpj;bat</Extensions>
    </Filter>
    <Filter Include="Resource Files">
      <UniqueIdentifier>{26d3eebc-2d3a-4341-a67a-090619c37677}</UniqueIdentifier>
      <Extensions>ico;cur;bmp;dlg;rc2;rct;bin;rgs;gif;jpg;jpeg;jpe</Extensions>
    </Filter>
    <Filter Include="Header Files">
      <UniqueIdentifier>{65a6dcfe-069c-450d-b3e5-d4d1402977d3}</UniqueIdentifier>
      <Extensions>h;hpp;hxx;hm;inl</Extensions>
    </Filter>
  </ItemGroup>
  <ItemGroup>
    <ClCompile Include="XBrackets\AnyRichEdit.c">
      <Filter>Source Files</Filter>
    </ClCompile>
    <ClCompile Include="XBrackets\AnyWindow.c">
      <Filter>Source Files</Filter>
    </ClCompile>
    <ClCompile Include="XBrackets\AutoBrackets.c">
      <Filter>Source Files</Filter>
    </ClCompile>
    <ClCompile Include="XBrackets\Plugin.c">
      <Filter>Source Files</Filter>
    </ClCompile>
    <ClCompile Include="XBrackets\SettingsDlg.c">
      <Filter>Source Files</Filter>
    </ClCompile>
    <ClCompile Include="XBrackets\XBracketsLng.c">
      <Filter>Source Files</Filter>
    </ClCompile>
    <ClCompile Include="XBrackets\XMemStrFunc.c">
      <Filter>Source Files</Filter>
    </ClCompile>
  </ItemGroup>
  <ItemGroup>
    <ClInclude Include="XBrackets\AnyRichEdit.h">
      <Filter>Header Files</Filter>
    </ClInclude>
    <ClInclude Include="XBrackets\AnyWindow.h">
      <Filter>Header Files</Filter>
    </ClInclude>
    <ClInclude Include="XBrackets\AutoBrackets.h">
      <Filter>Header Files</Filter>
    </ClInclude>
    <ClInclude Include="XBrackets\base.h">
      <Filter>Header Files</Filter>
    </ClInclude>
    <ClInclude Include="XBrackets\Plugin.h">
      <Filter>Header Files</Filter>
    </ClInclude>
    <ClInclude Include="XBrackets\resource.h">
      <Filter>Header Files</Filter>
    </ClInclude>
    <ClInclude Include="XBrackets\SettingsDlg.h">
      <Filter>Header Files</Filter>
    </ClInclude>
    <ClInclude Include="XBrackets\XBracketsLng.h">
      <Filter>Header Files</Filter>
    </ClInclude>
    <ClInclude Include="XBrackets\XMemStrFunc.h">
      <Filter>Header Files</Filter>
    </ClInclude>
  </ItemGroup>
  <ItemGroup>
    <Image Include="XBrackets\XBrackets.ico">
      <Filter>Resource Files</Filter>
    </Image>
  </ItemGroup>
  <ItemGroup>
    <ResourceCompile Include="XBrackets\XBrackets.rc">
      <Filter>Source Files</Filter>
    </ResourceCompile>
  </ItemGroup>
</Project>