<?xml version="1.0" encoding="utf-8"?>
<Project ToolsVersion="4.0" xmlns="http://schemas.microsoft.com/developer/msbuild/2003">
  <ItemGroup>
    <Filter Include="Source Files">
      <UniqueIdentifier>{0cf96dd9-4107-47d7-ae74-248982034f63}</UniqueIdentifier>
      <Extensions>cpp;c;cxx;rc;def;r;odl;idl;hpj;bat</Extensions>
    </Filter>
    <Filter Include="Resource Files">
      <UniqueIdentifier>{26d3eebc-2d3a-4341-a67a-090619c37677}</UniqueIdentifier>
      <Extensions>ico;cur;bmp;dlg;rc2;rct;bin;rgs;gif;jpg;jpeg;jpe</Extensions>
    </Filter>
    <Filter Include="Header Files">
      <UniqueIdentifier>{65a6dcfe-069c-450d-b3e5-d4d1402977d3}</UniqueIdentifier>
      <Extensions>h;hpp;hxx;hm;inl</Extensions>
    </Filter>
  </ItemGroup>
  <ItemGroup>
    <ClCompile Include="ToolBar.c">
      <Filter>Source Files</Filter>
    </ClCompile>
  </ItemGroup>
  <ItemGroup>
    <Image Include="Resources\00.ico">
      <Filter>Resource Files</Filter>
    </Image>
    <Image Include="Resources\01.ico">
      <Filter>Resource Files</Filter>
    </Image>
    <Image Include="Resources\02.ico">
      <Filter>Resource Files</Filter>
    </Image>
    <Image Include="Resources\03.ico">
      <Filter>Resource Files</Filter>
    </Image>
    <Image Include="Resources\04.ico">
      <Filter>Resource Files</Filter>
    </Image>
    <Image Include="Resources\05.ico">
      <Filter>Resource Files</Filter>
    </Image>
    <Image Include="Resources\06.ico">
      <Filter>Resource Files</Filter>
    </Image>
    <Image Include="Resources\07.ico">
      <Filter>Resource Files</Filter>
    </Image>
    <Image Include="Resources\08.ico">
      <Filter>Resource Files</Filter>
    </Image>
    <Image Include="Resources\09.ico">
      <Filter>Resource Files</Filter>
    </Image>
    <Image Include="Resources\10.ico">
      <Filter>Resource Files</Filter>
    </Image>
    <Image Include="Resources\11.ico">
      <Filter>Resource Files</Filter>
    </Image>
    <Image Include="Resources\12.ico">
      <Filter>Resource Files</Filter>
    </Image>
    <Image Include="Resources\13.ico">
      <Filter>Resource Files</Filter>
    </Image>
    <Image Include="Resources\14.ico">
      <Filter>Resource Files</Filter>
    </Image>
    <Image Include="Resources\15.ico">
      <Filter>Resource Files</Filter>
    </Image>
    <Image Include="Resources\16.ico">
      <Filter>Resource Files</Filter>
    </Image>
    <Image Include="Resources\17.ico">
      <Filter>Resource Files</Filter>
    </Image>
    <Image Include="Resources\18.ico">
      <Filter>Resource Files</Filter>
    </Image>
    <Image Include="Resources\19.ico">
      <Filter>Resource Files</Filter>
    </Image>
    <Image Include="Resources\20.ico">
      <Filter>Resource Files</Filter>
    </Image>
    <Image Include="Resources\21.ico">
      <Filter>Resource Files</Filter>
    </Image>
    <Image Include="Resources\22.ico">
      <Filter>Resource Files</Filter>
    </Image>
    <Image Include="Resources\23.ico">
      <Filter>Resource Files</Filter>
    </Image>
    <Image Include="Resources\24.ico">
      <Filter>Resource Files</Filter>
    </Image>
    <Image Include="Resources\25.ico">
      <Filter>Resource Files</Filter>
    </Image>
    <Image Include="Resources\26.ico">
      <Filter>Resource Files</Filter>
    </Image>
    <Image Include="Resources\27.ico">
      <Filter>Resource Files</Filter>
    </Image>
    <Image Include="Resources\28.ico">
      <Filter>Resource Files</Filter>
    </Image>
    <Image Include="Resources\29.ico">
      <Filter>Resource Files</Filter>
    </Image>
    <Image Include="Resources\30.ico">
      <Filter>Resource Files</Filter>
    </Image>
    <Image Include="Resources\31.ico">
      <Filter>Resource Files</Filter>
    </Image>
    <Image Include="Resources\32.ico">
      <Filter>Resource Files</Filter>
    </Image>
    <Image Include="Resources\33.ico">
      <Filter>Resource Files</Filter>
    </Image>
    <Image Include="Resources\34.ico">
      <Filter>Resource Files</Filter>
    </Image>
    <Image Include="Resources\35.ico">
      <Filter>Resource Files</Filter>
    </Image>
    <Image Include="Resources\36.ico">
      <Filter>Resource Files</Filter>
    </Image>
    <Image Include="Resources\37.ico">
      <Filter>Resource Files</Filter>
    </Image>
    <Image Include="Resources\38.ico">
      <Filter>Resource Files</Filter>
    </Image>
  </ItemGroup>
  <ItemGroup>
    <ClInclude Include="Resources\Resource.h">
      <Filter>Header Files</Filter>
    </ClInclude>
  </ItemGroup>
  <ItemGroup>
    <ResourceCompile Include="Resources\ToolBar.rc">
      <Filter>Source Files</Filter>
    </ResourceCompile>
  </ItemGroup>
</Project>