
Microsoft Visual Studio Solution File, Format Version 11.00
# Visual Studio 2010
Project("{8BC9CEB8-8B4A-11D0-8D11-00A0C91BC942}") = "AkelPad", "AkelPad-src\AkelPad.vcxproj", "{F7AC2441-AEC6-4201-B4BC-574B7787BDBC}"
	ProjectSection(ProjectDependencies) = postProject
		{39617A00-DD13-4B72-9E1D-D01934EFD3AE} = {39617A00-DD13-4B72-9E1D-D01934EFD3AE}
		{531CE000-C40E-4FA6-8004-94FC853CFBE9} = {531CE000-C40E-4FA6-8004-94FC853CFBE9}
		{832CB907-DC7E-4E81-940B-7B4703C54919} = {832CB907-DC7E-4E81-940B-7B4703C54919}
		{98270A18-C895-472D-B847-E86B43D80788} = {98270A18-C895-472D-B847-E86B43D80788}
		{22516218-9CFA-4306-945E-13811888B96B} = {22516218-9CFA-4306-945E-13811888B96B}
		{FF94951A-6DCD-43DB-A438-D756EB74E0B1} = {FF94951A-6DCD-43DB-A438-D756EB74E0B1}
		{0C680429-EDE0-492B-9EA2-DEB79AD672C5} = {0C680429-EDE0-492B-9EA2-DEB79AD672C5}
		{0F830230-444A-4B76-97C5-5EDF8FAD6EC0} = {0F830230-444A-4B76-97C5-5EDF8FAD6EC0}
		{8367F834-C483-468B-BBF9-51D1463B7454} = {8367F834-C483-468B-BBF9-51D1463B7454}
		{E6954C42-F9EF-4228-894B-5805DF1DF73B} = {E6954C42-F9EF-4228-894B-5805DF1DF73B}
		{6BA63F51-F323-44FE-86DA-08A999AE9C45} = {6BA63F51-F323-44FE-86DA-08A999AE9C45}
		{3B9E6359-1625-4431-A684-9903CC84FA05} = {3B9E6359-1625-4431-A684-9903CC84FA05}
		{0BC80B5A-E534-4150-8C8F-513C03AB7819} = {0BC80B5A-E534-4150-8C8F-513C03AB7819}
		{87C8E063-E6EA-40F5-A697-427A6BFA04E7} = {87C8E063-E6EA-40F5-A697-427A6BFA04E7}
		{0F373C64-073E-4C5D-B0AD-915B768D70E5} = {0F373C64-073E-4C5D-B0AD-915B768D70E5}
		{C5122E6A-53B9-4FDF-B27F-F25A8B7D0B7D} = {C5122E6A-53B9-4FDF-B27F-F25A8B7D0B7D}
		{854FBF6B-064F-497B-B839-F75CE8AD12AE} = {854FBF6B-064F-497B-B839-F75CE8AD12AE}
		{3B139484-AB69-4F91-8722-02923B478BEF} = {3B139484-AB69-4F91-8722-02923B478BEF}
		{A3821C89-B61C-45ED-9D91-FC0C81DF6FB2} = {A3821C89-B61C-45ED-9D91-FC0C81DF6FB2}
		{FD44E58A-4FD1-4208-9BC7-A4E2568AEADC} = {FD44E58A-4FD1-4208-9BC7-A4E2568AEADC}
		{3163FC98-85B0-4E9E-9916-289B9C8B089F} = {3163FC98-85B0-4E9E-9916-289B9C8B089F}
		{12DA569A-21A7-46BB-BB81-EE73EF2B10FA} = {12DA569A-21A7-46BB-BB81-EE73EF2B10FA}
		{A65B869E-1724-4F3F-82D0-517CB0C18ED4} = {A65B869E-1724-4F3F-82D0-517CB0C18ED4}
		{AC0E77A1-EAD4-4C13-9E65-9CCE63E1B737} = {AC0E77A1-EAD4-4C13-9E65-9CCE63E1B737}
		{E7BA89A4-2A40-4A0C-BE7B-B816C81071F3} = {E7BA89A4-2A40-4A0C-BE7B-B816C81071F3}
		{BAB697A4-CD19-43BA-9287-E1C5CF064333} = {BAB697A4-CD19-43BA-9287-E1C5CF064333}
		{3DCEEDA7-6C7E-440F-825C-87403A108310} = {3DCEEDA7-6C7E-440F-825C-87403A108310}
		{EA4D8AAB-64D2-438C-A4EF-E8B2DB30B18E} = {EA4D8AAB-64D2-438C-A4EF-E8B2DB30B18E}
		{8D3EEEAB-269B-439F-BEE8-D9FDE652820F} = {8D3EEEAB-269B-439F-BEE8-D9FDE652820F}
		{9BE44DAE-90A9-44F7-8422-D68264E02175} = {9BE44DAE-90A9-44F7-8422-D68264E02175}
		{F885FBAE-A8DE-46DA-A50D-D7F61926BF6E} = {F885FBAE-A8DE-46DA-A50D-D7F61926BF6E}
		{334B5CB9-4680-4A4B-B859-98397BB9B69B} = {334B5CB9-4680-4A4B-B859-98397BB9B69B}
		{AD9384BA-025C-439A-800E-AEC8D190EE9E} = {AD9384BA-025C-439A-800E-AEC8D190EE9E}
		{D6377ACB-7D97-4F5B-BB48-A9BA38E470FC} = {D6377ACB-7D97-4F5B-BB48-A9BA38E470FC}
		{4EAC80CC-FCA8-419E-BC3B-3B2B40E10227} = {4EAC80CC-FCA8-419E-BC3B-3B2B40E10227}
		{9F64C8CD-239B-4609-B657-853C1B188FE4} = {9F64C8CD-239B-4609-B657-853C1B188FE4}
		{018495D2-8EBA-42D2-A24D-EEA3297FB271} = {018495D2-8EBA-42D2-A24D-EEA3297FB271}
		{9FE7A2D4-B4B0-4E8F-B3E1-8BE2AF005DFC} = {9FE7A2D4-B4B0-4E8F-B3E1-8BE2AF005DFC}
		{DC764AD6-F78C-40B2-9722-8467D819F971} = {DC764AD6-F78C-40B2-9722-8467D819F971}
		{382BC4E9-04DC-4156-B7FC-D99735EF87DC} = {382BC4E9-04DC-4156-B7FC-D99735EF87DC}
		{CD96F6EC-C089-4BA0-8DE4-DFF23E3BD39D} = {CD96F6EC-C089-4BA0-8DE4-DFF23E3BD39D}
		{F68C2EF8-17FC-49EC-AF9A-63DB0EA005AC} = {F68C2EF8-17FC-49EC-AF9A-63DB0EA005AC}
	EndProjectSection
EndProject
Project("{8BC9CEB8-8B4A-11D0-8D11-00A0C91BC942}") = "Coder", "plugs\Coder\Source\Coder.vcxproj", "{A3821C89-B61C-45ED-9D91-FC0C81DF6FB2}"
EndProject
Project("{8BC9CEB8-8B4A-11D0-8D11-00A0C91BC942}") = "Fonts", "plugs\Fonts\Source\Fonts.vcxproj", "{334B5CB9-4680-4A4B-B859-98397BB9B69B}"
EndProject
Project("{8BC9CEB8-8B4A-11D0-8D11-00A0C91BC942}") = "AkelAdmin", "AkelPad-src\AkelAdmin\AkelAdmin.vcxproj", "{BAB697A4-CD19-43BA-9287-E1C5CF064333}"
EndProject
Project("{8BC9CEB8-8B4A-11D0-8D11-00A0C91BC942}") = "AkelDLL", "AkelPad-src\AkelFiles\Plugs\AkelDLL\AkelDLL.vcxproj", "{EA4D8AAB-64D2-438C-A4EF-E8B2DB30B18E}"
EndProject
Project("{8BC9CEB8-8B4A-11D0-8D11-00A0C91BC942}") = "English", "AkelPad-src\AkelFiles\Langs\English.vcxproj", "{0F373C64-073E-4C5D-B0AD-915B768D70E5}"
	ProjectSection(ProjectDependencies) = postProject
		{832CB907-DC7E-4E81-940B-7B4703C54919} = {832CB907-DC7E-4E81-940B-7B4703C54919}
	EndProjectSection
EndProject
Project("{2150E333-8FDC-42A3-9474-1A3956D46DE8}") = "language", "language", "{876B0834-FA1C-432D-8496-453AEAFDDEA6}"
EndProject
Project("{8BC9CEB8-8B4A-11D0-8D11-00A0C91BC942}") = "ChineseSimplified", "AkelPad-src\AkelFiles\Langs\ChineseSimplified.vcxproj", "{4EAC80CC-FCA8-419E-BC3B-3B2B40E10227}"
	ProjectSection(ProjectDependencies) = postProject
		{22516218-9CFA-4306-945E-13811888B96B} = {22516218-9CFA-4306-945E-13811888B96B}
	EndProjectSection
EndProject
Project("{8BC9CEB8-8B4A-11D0-8D11-00A0C91BC942}") = "ChineseTraditional", "AkelPad-src\AkelFiles\Langs\ChineseTraditional.vcxproj", "{22516218-9CFA-4306-945E-13811888B96B}"
	ProjectSection(ProjectDependencies) = postProject
		{0F373C64-073E-4C5D-B0AD-915B768D70E5} = {0F373C64-073E-4C5D-B0AD-915B768D70E5}
	EndProjectSection
EndProject
Project("{2150E333-8FDC-42A3-9474-1A3956D46DE8}") = "plugs", "plugs", "{748A5531-1207-40B6-B85B-1756883B73E2}"
EndProject
Project("{8BC9CEB8-8B4A-11D0-8D11-00A0C91BC942}") = "Scripts", "plugs\Scripts\Source\Scripts.vcxproj", "{0C680429-EDE0-492B-9EA2-DEB79AD672C5}"
EndProject
Project("{8BC9CEB8-8B4A-11D0-8D11-00A0C91BC942}") = "RecentFiles", "plugs\RecentFiles\Source\RecentFiles.vcxproj", "{854FBF6B-064F-497B-B839-F75CE8AD12AE}"
EndProject
Project("{8BC9CEB8-8B4A-11D0-8D11-00A0C91BC942}") = "MinimizeToTray", "plugs\MinimizeToTray\Source\MinimizeToTray.vcxproj", "{AD9384BA-025C-439A-800E-AEC8D190EE9E}"
EndProject
Project("{8BC9CEB8-8B4A-11D0-8D11-00A0C91BC942}") = "Macros", "plugs\Macros\Source\Macros.vcxproj", "{98270A18-C895-472D-B847-E86B43D80788}"
EndProject
Project("{8BC9CEB8-8B4A-11D0-8D11-00A0C91BC942}") = "Log", "plugs\Log\Source\Log.vcxproj", "{F885FBAE-A8DE-46DA-A50D-D7F61926BF6E}"
EndProject
Project("{8BC9CEB8-8B4A-11D0-8D11-00A0C91BC942}") = "Explorer", "plugs\Explorer\Source\Explorer.vcxproj", "{D6377ACB-7D97-4F5B-BB48-A9BA38E470FC}"
EndProject
Project("{8BC9CEB8-8B4A-11D0-8D11-00A0C91BC942}") = "Clipboard", "plugs\Clipboard\Source\Clipboard.vcxproj", "{0BC80B5A-E534-4150-8C8F-513C03AB7819}"
EndProject
Project("{8BC9CEB8-8B4A-11D0-8D11-00A0C91BC942}") = "ContextMenu", "plugs\ContextMenu\Source\ContextMenu.vcxproj", "{8D3EEEAB-269B-439F-BEE8-D9FDE652820F}"
EndProject
Project("{8BC9CEB8-8B4A-11D0-8D11-00A0C91BC942}") = "ToolBar", "plugs\ToolBar\Source\ToolBar.vcxproj", "{39617A00-DD13-4B72-9E1D-D01934EFD3AE}"
EndProject
Project("{8BC9CEB8-8B4A-11D0-8D11-00A0C91BC942}") = "Exit", "plugs\Exit\Source\Exit.vcxproj", "{0F830230-444A-4B76-97C5-5EDF8FAD6EC0}"
EndProject
Project("{8BC9CEB8-8B4A-11D0-8D11-00A0C91BC942}") = "Format", "plugs\Format\Source\Format.vcxproj", "{AC0E77A1-EAD4-4C13-9E65-9CCE63E1B737}"
EndProject
Project("{8BC9CEB8-8B4A-11D0-8D11-00A0C91BC942}") = "FullScreen", "plugs\FullScreen\Source\FullScreen.vcxproj", "{3B139484-AB69-4F91-8722-02923B478BEF}"
EndProject
Project("{8BC9CEB8-8B4A-11D0-8D11-00A0C91BC942}") = "HexSel", "plugs\HexSel\Source\HexSel.vcxproj", "{3B9E6359-1625-4431-A684-9903CC84FA05}"
EndProject
Project("{8BC9CEB8-8B4A-11D0-8D11-00A0C91BC942}") = "Hotkeys", "plugs\Hotkeys\Source\Hotkeys.vcxproj", "{8367F834-C483-468B-BBF9-51D1463B7454}"
EndProject
Project("{8BC9CEB8-8B4A-11D0-8D11-00A0C91BC942}") = "LineBoard", "plugs\LineBoard\Source\LineBoard.vcxproj", "{6BA63F51-F323-44FE-86DA-08A999AE9C45}"
EndProject
Project("{8BC9CEB8-8B4A-11D0-8D11-00A0C91BC942}") = "QSearch", "plugs\QSearch\Source\QSearch.vcxproj", "{3DCEEDA7-6C7E-440F-825C-87403A108310}"
EndProject
Project("{8BC9CEB8-8B4A-11D0-8D11-00A0C91BC942}") = "SaveFile", "plugs\SaveFile\Source\SaveFile.vcxproj", "{382BC4E9-04DC-4156-B7FC-D99735EF87DC}"
EndProject
Project("{8BC9CEB8-8B4A-11D0-8D11-00A0C91BC942}") = "Scroll", "plugs\Scroll\Source\Scroll.vcxproj", "{87C8E063-E6EA-40F5-A697-427A6BFA04E7}"
EndProject
Project("{8BC9CEB8-8B4A-11D0-8D11-00A0C91BC942}") = "Sessions", "plugs\Sessions\Source\Sessions.vcxproj", "{3163FC98-85B0-4E9E-9916-289B9C8B089F}"
EndProject
Project("{8BC9CEB8-8B4A-11D0-8D11-00A0C91BC942}") = "SmartSel", "plugs\SmartSel\Source\SmartSel.vcxproj", "{018495D2-8EBA-42D2-A24D-EEA3297FB271}"
EndProject
Project("{8BC9CEB8-8B4A-11D0-8D11-00A0C91BC942}") = "Sounds", "plugs\Sounds\Source\Sounds.vcxproj", "{C5122E6A-53B9-4FDF-B27F-F25A8B7D0B7D}"
EndProject
Project("{8BC9CEB8-8B4A-11D0-8D11-00A0C91BC942}") = "SpecialChar", "plugs\SpecialChar\Source\SpecialChar.vcxproj", "{E6954C42-F9EF-4228-894B-5805DF1DF73B}"
EndProject
Project("{8BC9CEB8-8B4A-11D0-8D11-00A0C91BC942}") = "Speech", "plugs\Speech\Source\Speech.vcxproj", "{FF94951A-6DCD-43DB-A438-D756EB74E0B1}"
EndProject
Project("{8BC9CEB8-8B4A-11D0-8D11-00A0C91BC942}") = "SpellCheck", "plugs\SpellCheck\Source\SpellCheck.vcxproj", "{12DA569A-21A7-46BB-BB81-EE73EF2B10FA}"
EndProject
Project("{8BC9CEB8-8B4A-11D0-8D11-00A0C91BC942}") = "Stats", "plugs\Stats\Source\Stats.vcxproj", "{531CE000-C40E-4FA6-8004-94FC853CFBE9}"
EndProject
Project("{8BC9CEB8-8B4A-11D0-8D11-00A0C91BC942}") = "Templates", "plugs\Templates\Source\Templates.vcxproj", "{DC764AD6-F78C-40B2-9722-8467D819F971}"
EndProject
Project("{8BC9CEB8-8B4A-11D0-8D11-00A0C91BC942}") = "XBrackets", "plugs\XBrackets\Source\XBrackets.vcxproj", "{A65B869E-1724-4F3F-82D0-517CB0C18ED4}"
EndProject
Project("{8BC9CEB8-8B4A-11D0-8D11-00A0C91BC942}") = "Japanese", "AkelPad-src\AkelFiles\Langs\Japanese.vcxproj", "{832CB907-DC7E-4E81-940B-7B4703C54919}"
	ProjectSection(ProjectDependencies) = postProject
		{F68C2EF8-17FC-49EC-AF9A-63DB0EA005AC} = {F68C2EF8-17FC-49EC-AF9A-63DB0EA005AC}
	EndProjectSection
EndProject
Project("{8BC9CEB8-8B4A-11D0-8D11-00A0C91BC942}") = "Korean", "AkelPad-src\AkelFiles\Langs\Korean.vcxproj", "{F68C2EF8-17FC-49EC-AF9A-63DB0EA005AC}"
	ProjectSection(ProjectDependencies) = postProject
		{E7BA89A4-2A40-4A0C-BE7B-B816C81071F3} = {E7BA89A4-2A40-4A0C-BE7B-B816C81071F3}
	EndProjectSection
EndProject
Project("{8BC9CEB8-8B4A-11D0-8D11-00A0C91BC942}") = "Russian", "AkelPad-src\AkelFiles\Langs\Russian.vcxproj", "{E7BA89A4-2A40-4A0C-BE7B-B816C81071F3}"
	ProjectSection(ProjectDependencies) = postProject
		{CD96F6EC-C089-4BA0-8DE4-DFF23E3BD39D} = {CD96F6EC-C089-4BA0-8DE4-DFF23E3BD39D}
	EndProjectSection
EndProject
Project("{8BC9CEB8-8B4A-11D0-8D11-00A0C91BC942}") = "Ukrainian", "AkelPad-src\AkelFiles\Langs\Ukrainian.vcxproj", "{CD96F6EC-C089-4BA0-8DE4-DFF23E3BD39D}"
EndProject
Project("{8BC9CEB8-8B4A-11D0-8D11-00A0C91BC942}") = "shellext", "shellext\shellext.vcxproj", "{9FE7A2D4-B4B0-4E8F-B3E1-8BE2AF005DFC}"
EndProject
Project("{8BC9CEB8-8B4A-11D0-8D11-00A0C91BC942}") = "AkelUpdater", "akelupdater\Source\AkelUpdater.vcxproj", "{FD44E58A-4FD1-4208-9BC7-A4E2568AEADC}"
EndProject
Project("{8BC9CEB8-8B4A-11D0-8D11-00A0C91BC942}") = "AkelUpdaterHelp", "akelupdater\Source\AkelUpdaterHelp\AkelUpdaterHelp.vcxproj", "{9BE44DAE-90A9-44F7-8422-D68264E02175}"
EndProject
Project("{2150E333-8FDC-42A3-9474-1A3956D46DE8}") = "updater", "updater", "{B48A8035-6DC3-4616-B5AB-61D3D4719E51}"
EndProject
Project("{8BC9CEB8-8B4A-11D0-8D11-00A0C91BC942}") = "akeledit", "akelpad-src\AkelEdit\akeledit.vcxproj", "{9F64C8CD-239B-4609-B657-853C1B188FE4}"
EndProject
Global
	GlobalSection(SolutionConfigurationPlatforms) = preSolution
		Debug|Win32 = Debug|Win32
		Debug|x64 = Debug|x64
		Release|Win32 = Release|Win32
		Release|x64 = Release|x64
	EndGlobalSection
	GlobalSection(ProjectConfigurationPlatforms) = postSolution
		{F7AC2441-AEC6-4201-B4BC-574B7787BDBC}.Debug|Win32.ActiveCfg = Debug|Win32
		{F7AC2441-AEC6-4201-B4BC-574B7787BDBC}.Debug|Win32.Build.0 = Debug|Win32
		{F7AC2441-AEC6-4201-B4BC-574B7787BDBC}.Debug|x64.ActiveCfg = Debug|x64
		{F7AC2441-AEC6-4201-B4BC-574B7787BDBC}.Debug|x64.Build.0 = Debug|x64
		{F7AC2441-AEC6-4201-B4BC-574B7787BDBC}.Release|Win32.ActiveCfg = Release|Win32
		{F7AC2441-AEC6-4201-B4BC-574B7787BDBC}.Release|Win32.Build.0 = Release|Win32
		{F7AC2441-AEC6-4201-B4BC-574B7787BDBC}.Release|x64.ActiveCfg = Release|x64
		{F7AC2441-AEC6-4201-B4BC-574B7787BDBC}.Release|x64.Build.0 = Release|x64
		{A3821C89-B61C-45ED-9D91-FC0C81DF6FB2}.Debug|Win32.ActiveCfg = Debug|Win32
		{A3821C89-B61C-45ED-9D91-FC0C81DF6FB2}.Debug|Win32.Build.0 = Debug|Win32
		{A3821C89-B61C-45ED-9D91-FC0C81DF6FB2}.Debug|x64.ActiveCfg = Debug|x64
		{A3821C89-B61C-45ED-9D91-FC0C81DF6FB2}.Debug|x64.Build.0 = Debug|x64
		{A3821C89-B61C-45ED-9D91-FC0C81DF6FB2}.Release|Win32.ActiveCfg = Release|Win32
		{A3821C89-B61C-45ED-9D91-FC0C81DF6FB2}.Release|Win32.Build.0 = Release|Win32
		{A3821C89-B61C-45ED-9D91-FC0C81DF6FB2}.Release|x64.ActiveCfg = Release|x64
		{A3821C89-B61C-45ED-9D91-FC0C81DF6FB2}.Release|x64.Build.0 = Release|x64
		{334B5CB9-4680-4A4B-B859-98397BB9B69B}.Debug|Win32.ActiveCfg = Debug|Win32
		{334B5CB9-4680-4A4B-B859-98397BB9B69B}.Debug|Win32.Build.0 = Debug|Win32
		{334B5CB9-4680-4A4B-B859-98397BB9B69B}.Debug|x64.ActiveCfg = Debug|x64
		{334B5CB9-4680-4A4B-B859-98397BB9B69B}.Debug|x64.Build.0 = Debug|x64
		{334B5CB9-4680-4A4B-B859-98397BB9B69B}.Release|Win32.ActiveCfg = Release|Win32
		{334B5CB9-4680-4A4B-B859-98397BB9B69B}.Release|Win32.Build.0 = Release|Win32
		{334B5CB9-4680-4A4B-B859-98397BB9B69B}.Release|x64.ActiveCfg = Release|x64
		{334B5CB9-4680-4A4B-B859-98397BB9B69B}.Release|x64.Build.0 = Release|x64
		{BAB697A4-CD19-43BA-9287-E1C5CF064333}.Debug|Win32.ActiveCfg = Debug|Win32
		{BAB697A4-CD19-43BA-9287-E1C5CF064333}.Debug|Win32.Build.0 = Debug|Win32
		{BAB697A4-CD19-43BA-9287-E1C5CF064333}.Debug|x64.ActiveCfg = Debug|x64
		{BAB697A4-CD19-43BA-9287-E1C5CF064333}.Debug|x64.Build.0 = Debug|x64
		{BAB697A4-CD19-43BA-9287-E1C5CF064333}.Release|Win32.ActiveCfg = Release|Win32
		{BAB697A4-CD19-43BA-9287-E1C5CF064333}.Release|Win32.Build.0 = Release|Win32
		{BAB697A4-CD19-43BA-9287-E1C5CF064333}.Release|x64.ActiveCfg = Release|x64
		{BAB697A4-CD19-43BA-9287-E1C5CF064333}.Release|x64.Build.0 = Release|x64
		{EA4D8AAB-64D2-438C-A4EF-E8B2DB30B18E}.Debug|Win32.ActiveCfg = Debug|Win32
		{EA4D8AAB-64D2-438C-A4EF-E8B2DB30B18E}.Debug|Win32.Build.0 = Debug|Win32
		{EA4D8AAB-64D2-438C-A4EF-E8B2DB30B18E}.Debug|x64.ActiveCfg = Debug|x64
		{EA4D8AAB-64D2-438C-A4EF-E8B2DB30B18E}.Debug|x64.Build.0 = Debug|x64
		{EA4D8AAB-64D2-438C-A4EF-E8B2DB30B18E}.Release|Win32.ActiveCfg = Release|Win32
		{EA4D8AAB-64D2-438C-A4EF-E8B2DB30B18E}.Release|Win32.Build.0 = Release|Win32
		{EA4D8AAB-64D2-438C-A4EF-E8B2DB30B18E}.Release|x64.ActiveCfg = Release|x64
		{EA4D8AAB-64D2-438C-A4EF-E8B2DB30B18E}.Release|x64.Build.0 = Release|x64
		{0F373C64-073E-4C5D-B0AD-915B768D70E5}.Debug|Win32.ActiveCfg = Debug|Win32
		{0F373C64-073E-4C5D-B0AD-915B768D70E5}.Debug|Win32.Build.0 = Debug|Win32
		{0F373C64-073E-4C5D-B0AD-915B768D70E5}.Debug|x64.ActiveCfg = Debug|x64
		{0F373C64-073E-4C5D-B0AD-915B768D70E5}.Debug|x64.Build.0 = Debug|x64
		{0F373C64-073E-4C5D-B0AD-915B768D70E5}.Release|Win32.ActiveCfg = Release|Win32
		{0F373C64-073E-4C5D-B0AD-915B768D70E5}.Release|Win32.Build.0 = Release|Win32
		{0F373C64-073E-4C5D-B0AD-915B768D70E5}.Release|x64.ActiveCfg = Release|x64
		{0F373C64-073E-4C5D-B0AD-915B768D70E5}.Release|x64.Build.0 = Release|x64
		{4EAC80CC-FCA8-419E-BC3B-3B2B40E10227}.Debug|Win32.ActiveCfg = Debug|Win32
		{4EAC80CC-FCA8-419E-BC3B-3B2B40E10227}.Debug|Win32.Build.0 = Debug|Win32
		{4EAC80CC-FCA8-419E-BC3B-3B2B40E10227}.Debug|x64.ActiveCfg = Debug|x64
		{4EAC80CC-FCA8-419E-BC3B-3B2B40E10227}.Debug|x64.Build.0 = Debug|x64
		{4EAC80CC-FCA8-419E-BC3B-3B2B40E10227}.Release|Win32.ActiveCfg = Release|Win32
		{4EAC80CC-FCA8-419E-BC3B-3B2B40E10227}.Release|Win32.Build.0 = Release|Win32
		{4EAC80CC-FCA8-419E-BC3B-3B2B40E10227}.Release|x64.ActiveCfg = Release|x64
		{4EAC80CC-FCA8-419E-BC3B-3B2B40E10227}.Release|x64.Build.0 = Release|x64
		{22516218-9CFA-4306-945E-13811888B96B}.Debug|Win32.ActiveCfg = Debug|Win32
		{22516218-9CFA-4306-945E-13811888B96B}.Debug|Win32.Build.0 = Debug|Win32
		{22516218-9CFA-4306-945E-13811888B96B}.Debug|x64.ActiveCfg = Debug|x64
		{22516218-9CFA-4306-945E-13811888B96B}.Debug|x64.Build.0 = Debug|x64
		{22516218-9CFA-4306-945E-13811888B96B}.Release|Win32.ActiveCfg = Release|Win32
		{22516218-9CFA-4306-945E-13811888B96B}.Release|Win32.Build.0 = Release|Win32
		{22516218-9CFA-4306-945E-13811888B96B}.Release|x64.ActiveCfg = Release|x64
		{22516218-9CFA-4306-945E-13811888B96B}.Release|x64.Build.0 = Release|x64
		{0C680429-EDE0-492B-9EA2-DEB79AD672C5}.Debug|Win32.ActiveCfg = Debug|Win32
		{0C680429-EDE0-492B-9EA2-DEB79AD672C5}.Debug|Win32.Build.0 = Debug|Win32
		{0C680429-EDE0-492B-9EA2-DEB79AD672C5}.Debug|x64.ActiveCfg = Debug|x64
		{0C680429-EDE0-492B-9EA2-DEB79AD672C5}.Debug|x64.Build.0 = Debug|x64
		{0C680429-EDE0-492B-9EA2-DEB79AD672C5}.Release|Win32.ActiveCfg = Release|Win32
		{0C680429-EDE0-492B-9EA2-DEB79AD672C5}.Release|Win32.Build.0 = Release|Win32
		{0C680429-EDE0-492B-9EA2-DEB79AD672C5}.Release|x64.ActiveCfg = Release|x64
		{0C680429-EDE0-492B-9EA2-DEB79AD672C5}.Release|x64.Build.0 = Release|x64
		{854FBF6B-064F-497B-B839-F75CE8AD12AE}.Debug|Win32.ActiveCfg = Debug|Win32
		{854FBF6B-064F-497B-B839-F75CE8AD12AE}.Debug|Win32.Build.0 = Debug|Win32
		{854FBF6B-064F-497B-B839-F75CE8AD12AE}.Debug|x64.ActiveCfg = Debug|x64
		{854FBF6B-064F-497B-B839-F75CE8AD12AE}.Debug|x64.Build.0 = Debug|x64
		{854FBF6B-064F-497B-B839-F75CE8AD12AE}.Release|Win32.ActiveCfg = Release|Win32
		{854FBF6B-064F-497B-B839-F75CE8AD12AE}.Release|Win32.Build.0 = Release|Win32
		{854FBF6B-064F-497B-B839-F75CE8AD12AE}.Release|x64.ActiveCfg = Release|x64
		{854FBF6B-064F-497B-B839-F75CE8AD12AE}.Release|x64.Build.0 = Release|x64
		{AD9384BA-025C-439A-800E-AEC8D190EE9E}.Debug|Win32.ActiveCfg = Debug|Win32
		{AD9384BA-025C-439A-800E-AEC8D190EE9E}.Debug|Win32.Build.0 = Debug|Win32
		{AD9384BA-025C-439A-800E-AEC8D190EE9E}.Debug|x64.ActiveCfg = Debug|x64
		{AD9384BA-025C-439A-800E-AEC8D190EE9E}.Debug|x64.Build.0 = Debug|x64
		{AD9384BA-025C-439A-800E-AEC8D190EE9E}.Release|Win32.ActiveCfg = Release|Win32
		{AD9384BA-025C-439A-800E-AEC8D190EE9E}.Release|Win32.Build.0 = Release|Win32
		{AD9384BA-025C-439A-800E-AEC8D190EE9E}.Release|x64.ActiveCfg = Release|x64
		{AD9384BA-025C-439A-800E-AEC8D190EE9E}.Release|x64.Build.0 = Release|x64
		{98270A18-C895-472D-B847-E86B43D80788}.Debug|Win32.ActiveCfg = Debug|Win32
		{98270A18-C895-472D-B847-E86B43D80788}.Debug|Win32.Build.0 = Debug|Win32
		{98270A18-C895-472D-B847-E86B43D80788}.Debug|x64.ActiveCfg = Debug|x64
		{98270A18-C895-472D-B847-E86B43D80788}.Debug|x64.Build.0 = Debug|x64
		{98270A18-C895-472D-B847-E86B43D80788}.Release|Win32.ActiveCfg = Release|Win32
		{98270A18-C895-472D-B847-E86B43D80788}.Release|Win32.Build.0 = Release|Win32
		{98270A18-C895-472D-B847-E86B43D80788}.Release|x64.ActiveCfg = Release|x64
		{98270A18-C895-472D-B847-E86B43D80788}.Release|x64.Build.0 = Release|x64
		{F885FBAE-A8DE-46DA-A50D-D7F61926BF6E}.Debug|Win32.ActiveCfg = Debug|Win32
		{F885FBAE-A8DE-46DA-A50D-D7F61926BF6E}.Debug|Win32.Build.0 = Debug|Win32
		{F885FBAE-A8DE-46DA-A50D-D7F61926BF6E}.Debug|x64.ActiveCfg = Debug|x64
		{F885FBAE-A8DE-46DA-A50D-D7F61926BF6E}.Debug|x64.Build.0 = Debug|x64
		{F885FBAE-A8DE-46DA-A50D-D7F61926BF6E}.Release|Win32.ActiveCfg = Release|Win32
		{F885FBAE-A8DE-46DA-A50D-D7F61926BF6E}.Release|Win32.Build.0 = Release|Win32
		{F885FBAE-A8DE-46DA-A50D-D7F61926BF6E}.Release|x64.ActiveCfg = Release|x64
		{F885FBAE-A8DE-46DA-A50D-D7F61926BF6E}.Release|x64.Build.0 = Release|x64
		{D6377ACB-7D97-4F5B-BB48-A9BA38E470FC}.Debug|Win32.ActiveCfg = Debug|Win32
		{D6377ACB-7D97-4F5B-BB48-A9BA38E470FC}.Debug|Win32.Build.0 = Debug|Win32
		{D6377ACB-7D97-4F5B-BB48-A9BA38E470FC}.Debug|x64.ActiveCfg = Debug|x64
		{D6377ACB-7D97-4F5B-BB48-A9BA38E470FC}.Debug|x64.Build.0 = Debug|x64
		{D6377ACB-7D97-4F5B-BB48-A9BA38E470FC}.Release|Win32.ActiveCfg = Release|Win32
		{D6377ACB-7D97-4F5B-BB48-A9BA38E470FC}.Release|Win32.Build.0 = Release|Win32
		{D6377ACB-7D97-4F5B-BB48-A9BA38E470FC}.Release|x64.ActiveCfg = Release|x64
		{D6377ACB-7D97-4F5B-BB48-A9BA38E470FC}.Release|x64.Build.0 = Release|x64
		{0BC80B5A-E534-4150-8C8F-513C03AB7819}.Debug|Win32.ActiveCfg = Debug|Win32
		{0BC80B5A-E534-4150-8C8F-513C03AB7819}.Debug|Win32.Build.0 = Debug|Win32
		{0BC80B5A-E534-4150-8C8F-513C03AB7819}.Debug|x64.ActiveCfg = Debug|x64
		{0BC80B5A-E534-4150-8C8F-513C03AB7819}.Debug|x64.Build.0 = Debug|x64
		{0BC80B5A-E534-4150-8C8F-513C03AB7819}.Release|Win32.ActiveCfg = Release|Win32
		{0BC80B5A-E534-4150-8C8F-513C03AB7819}.Release|Win32.Build.0 = Release|Win32
		{0BC80B5A-E534-4150-8C8F-513C03AB7819}.Release|x64.ActiveCfg = Release|x64
		{0BC80B5A-E534-4150-8C8F-513C03AB7819}.Release|x64.Build.0 = Release|x64
		{8D3EEEAB-269B-439F-BEE8-D9FDE652820F}.Debug|Win32.ActiveCfg = Debug|Win32
		{8D3EEEAB-269B-439F-BEE8-D9FDE652820F}.Debug|Win32.Build.0 = Debug|Win32
		{8D3EEEAB-269B-439F-BEE8-D9FDE652820F}.Debug|x64.ActiveCfg = Debug|x64
		{8D3EEEAB-269B-439F-BEE8-D9FDE652820F}.Debug|x64.Build.0 = Debug|x64
		{8D3EEEAB-269B-439F-BEE8-D9FDE652820F}.Release|Win32.ActiveCfg = Release|Win32
		{8D3EEEAB-269B-439F-BEE8-D9FDE652820F}.Release|Win32.Build.0 = Release|Win32
		{8D3EEEAB-269B-439F-BEE8-D9FDE652820F}.Release|x64.ActiveCfg = Release|x64
		{8D3EEEAB-269B-439F-BEE8-D9FDE652820F}.Release|x64.Build.0 = Release|x64
		{39617A00-DD13-4B72-9E1D-D01934EFD3AE}.Debug|Win32.ActiveCfg = Debug|Win32
		{39617A00-DD13-4B72-9E1D-D01934EFD3AE}.Debug|Win32.Build.0 = Debug|Win32
		{39617A00-DD13-4B72-9E1D-D01934EFD3AE}.Debug|x64.ActiveCfg = Debug|x64
		{39617A00-DD13-4B72-9E1D-D01934EFD3AE}.Debug|x64.Build.0 = Debug|x64
		{39617A00-DD13-4B72-9E1D-D01934EFD3AE}.Release|Win32.ActiveCfg = Release|Win32
		{39617A00-DD13-4B72-9E1D-D01934EFD3AE}.Release|Win32.Build.0 = Release|Win32
		{39617A00-DD13-4B72-9E1D-D01934EFD3AE}.Release|x64.ActiveCfg = Release|x64
		{39617A00-DD13-4B72-9E1D-D01934EFD3AE}.Release|x64.Build.0 = Release|x64
		{0F830230-444A-4B76-97C5-5EDF8FAD6EC0}.Debug|Win32.ActiveCfg = Debug|Win32
		{0F830230-444A-4B76-97C5-5EDF8FAD6EC0}.Debug|Win32.Build.0 = Debug|Win32
		{0F830230-444A-4B76-97C5-5EDF8FAD6EC0}.Debug|x64.ActiveCfg = Debug|x64
		{0F830230-444A-4B76-97C5-5EDF8FAD6EC0}.Debug|x64.Build.0 = Debug|x64
		{0F830230-444A-4B76-97C5-5EDF8FAD6EC0}.Release|Win32.ActiveCfg = Release|Win32
		{0F830230-444A-4B76-97C5-5EDF8FAD6EC0}.Release|Win32.Build.0 = Release|Win32
		{0F830230-444A-4B76-97C5-5EDF8FAD6EC0}.Release|x64.ActiveCfg = Release|x64
		{0F830230-444A-4B76-97C5-5EDF8FAD6EC0}.Release|x64.Build.0 = Release|x64
		{AC0E77A1-EAD4-4C13-9E65-9CCE63E1B737}.Debug|Win32.ActiveCfg = Debug|Win32
		{AC0E77A1-EAD4-4C13-9E65-9CCE63E1B737}.Debug|Win32.Build.0 = Debug|Win32
		{AC0E77A1-EAD4-4C13-9E65-9CCE63E1B737}.Debug|x64.ActiveCfg = Debug|x64
		{AC0E77A1-EAD4-4C13-9E65-9CCE63E1B737}.Debug|x64.Build.0 = Debug|x64
		{AC0E77A1-EAD4-4C13-9E65-9CCE63E1B737}.Release|Win32.ActiveCfg = Release|Win32
		{AC0E77A1-EAD4-4C13-9E65-9CCE63E1B737}.Release|Win32.Build.0 = Release|Win32
		{AC0E77A1-EAD4-4C13-9E65-9CCE63E1B737}.Release|x64.ActiveCfg = Release|x64
		{AC0E77A1-EAD4-4C13-9E65-9CCE63E1B737}.Release|x64.Build.0 = Release|x64
		{3B139484-AB69-4F91-8722-02923B478BEF}.Debug|Win32.ActiveCfg = Debug|Win32
		{3B139484-AB69-4F91-8722-02923B478BEF}.Debug|Win32.Build.0 = Debug|Win32
		{3B139484-AB69-4F91-8722-02923B478BEF}.Debug|x64.ActiveCfg = Debug|x64
		{3B139484-AB69-4F91-8722-02923B478BEF}.Debug|x64.Build.0 = Debug|x64
		{3B139484-AB69-4F91-8722-02923B478BEF}.Release|Win32.ActiveCfg = Release|Win32
		{3B139484-AB69-4F91-8722-02923B478BEF}.Release|Win32.Build.0 = Release|Win32
		{3B139484-AB69-4F91-8722-02923B478BEF}.Release|x64.ActiveCfg = Release|x64
		{3B139484-AB69-4F91-8722-02923B478BEF}.Release|x64.Build.0 = Release|x64
		{3B9E6359-1625-4431-A684-9903CC84FA05}.Debug|Win32.ActiveCfg = Debug|Win32
		{3B9E6359-1625-4431-A684-9903CC84FA05}.Debug|Win32.Build.0 = Debug|Win32
		{3B9E6359-1625-4431-A684-9903CC84FA05}.Debug|x64.ActiveCfg = Debug|x64
		{3B9E6359-1625-4431-A684-9903CC84FA05}.Debug|x64.Build.0 = Debug|x64
		{3B9E6359-1625-4431-A684-9903CC84FA05}.Release|Win32.ActiveCfg = Release|Win32
		{3B9E6359-1625-4431-A684-9903CC84FA05}.Release|Win32.Build.0 = Release|Win32
		{3B9E6359-1625-4431-A684-9903CC84FA05}.Release|x64.ActiveCfg = Release|x64
		{3B9E6359-1625-4431-A684-9903CC84FA05}.Release|x64.Build.0 = Release|x64
		{8367F834-C483-468B-BBF9-51D1463B7454}.Debug|Win32.ActiveCfg = Debug|Win32
		{8367F834-C483-468B-BBF9-51D1463B7454}.Debug|Win32.Build.0 = Debug|Win32
		{8367F834-C483-468B-BBF9-51D1463B7454}.Debug|x64.ActiveCfg = Debug|x64
		{8367F834-C483-468B-BBF9-51D1463B7454}.Debug|x64.Build.0 = Debug|x64
		{8367F834-C483-468B-BBF9-51D1463B7454}.Release|Win32.ActiveCfg = Release|Win32
		{8367F834-C483-468B-BBF9-51D1463B7454}.Release|Win32.Build.0 = Release|Win32
		{8367F834-C483-468B-BBF9-51D1463B7454}.Release|x64.ActiveCfg = Release|x64
		{8367F834-C483-468B-BBF9-51D1463B7454}.Release|x64.Build.0 = Release|x64
		{6BA63F51-F323-44FE-86DA-08A999AE9C45}.Debug|Win32.ActiveCfg = Debug|Win32
		{6BA63F51-F323-44FE-86DA-08A999AE9C45}.Debug|Win32.Build.0 = Debug|Win32
		{6BA63F51-F323-44FE-86DA-08A999AE9C45}.Debug|x64.ActiveCfg = Debug|x64
		{6BA63F51-F323-44FE-86DA-08A999AE9C45}.Debug|x64.Build.0 = Debug|x64
		{6BA63F51-F323-44FE-86DA-08A999AE9C45}.Release|Win32.ActiveCfg = Release|Win32
		{6BA63F51-F323-44FE-86DA-08A999AE9C45}.Release|Win32.Build.0 = Release|Win32
		{6BA63F51-F323-44FE-86DA-08A999AE9C45}.Release|x64.ActiveCfg = Release|x64
		{6BA63F51-F323-44FE-86DA-08A999AE9C45}.Release|x64.Build.0 = Release|x64
		{3DCEEDA7-6C7E-440F-825C-87403A108310}.Debug|Win32.ActiveCfg = Debug|Win32
		{3DCEEDA7-6C7E-440F-825C-87403A108310}.Debug|Win32.Build.0 = Debug|Win32
		{3DCEEDA7-6C7E-440F-825C-87403A108310}.Debug|x64.ActiveCfg = Debug|x64
		{3DCEEDA7-6C7E-440F-825C-87403A108310}.Debug|x64.Build.0 = Debug|x64
		{3DCEEDA7-6C7E-440F-825C-87403A108310}.Release|Win32.ActiveCfg = Release|Win32
		{3DCEEDA7-6C7E-440F-825C-87403A108310}.Release|Win32.Build.0 = Release|Win32
		{3DCEEDA7-6C7E-440F-825C-87403A108310}.Release|x64.ActiveCfg = Release|x64
		{3DCEEDA7-6C7E-440F-825C-87403A108310}.Release|x64.Build.0 = Release|x64
		{382BC4E9-04DC-4156-B7FC-D99735EF87DC}.Debug|Win32.ActiveCfg = Debug|Win32
		{382BC4E9-04DC-4156-B7FC-D99735EF87DC}.Debug|Win32.Build.0 = Debug|Win32
		{382BC4E9-04DC-4156-B7FC-D99735EF87DC}.Debug|x64.ActiveCfg = Debug|x64
		{382BC4E9-04DC-4156-B7FC-D99735EF87DC}.Debug|x64.Build.0 = Debug|x64
		{382BC4E9-04DC-4156-B7FC-D99735EF87DC}.Release|Win32.ActiveCfg = Release|Win32
		{382BC4E9-04DC-4156-B7FC-D99735EF87DC}.Release|Win32.Build.0 = Release|Win32
		{382BC4E9-04DC-4156-B7FC-D99735EF87DC}.Release|x64.ActiveCfg = Release|x64
		{382BC4E9-04DC-4156-B7FC-D99735EF87DC}.Release|x64.Build.0 = Release|x64
		{87C8E063-E6EA-40F5-A697-427A6BFA04E7}.Debug|Win32.ActiveCfg = Debug|Win32
		{87C8E063-E6EA-40F5-A697-427A6BFA04E7}.Debug|Win32.Build.0 = Debug|Win32
		{87C8E063-E6EA-40F5-A697-427A6BFA04E7}.Debug|x64.ActiveCfg = Debug|x64
		{87C8E063-E6EA-40F5-A697-427A6BFA04E7}.Debug|x64.Build.0 = Debug|x64
		{87C8E063-E6EA-40F5-A697-427A6BFA04E7}.Release|Win32.ActiveCfg = Release|Win32
		{87C8E063-E6EA-40F5-A697-427A6BFA04E7}.Release|Win32.Build.0 = Release|Win32
		{87C8E063-E6EA-40F5-A697-427A6BFA04E7}.Release|x64.ActiveCfg = Release|x64
		{87C8E063-E6EA-40F5-A697-427A6BFA04E7}.Release|x64.Build.0 = Release|x64
		{3163FC98-85B0-4E9E-9916-289B9C8B089F}.Debug|Win32.ActiveCfg = Debug|Win32
		{3163FC98-85B0-4E9E-9916-289B9C8B089F}.Debug|Win32.Build.0 = Debug|Win32
		{3163FC98-85B0-4E9E-9916-289B9C8B089F}.Debug|x64.ActiveCfg = Debug|x64
		{3163FC98-85B0-4E9E-9916-289B9C8B089F}.Debug|x64.Build.0 = Debug|x64
		{3163FC98-85B0-4E9E-9916-289B9C8B089F}.Release|Win32.ActiveCfg = Release|Win32
		{3163FC98-85B0-4E9E-9916-289B9C8B089F}.Release|Win32.Build.0 = Release|Win32
		{3163FC98-85B0-4E9E-9916-289B9C8B089F}.Release|x64.ActiveCfg = Release|x64
		{3163FC98-85B0-4E9E-9916-289B9C8B089F}.Release|x64.Build.0 = Release|x64
		{018495D2-8EBA-42D2-A24D-EEA3297FB271}.Debug|Win32.ActiveCfg = Debug|Win32
		{018495D2-8EBA-42D2-A24D-EEA3297FB271}.Debug|Win32.Build.0 = Debug|Win32
		{018495D2-8EBA-42D2-A24D-EEA3297FB271}.Debug|x64.ActiveCfg = Debug|x64
		{018495D2-8EBA-42D2-A24D-EEA3297FB271}.Debug|x64.Build.0 = Debug|x64
		{018495D2-8EBA-42D2-A24D-EEA3297FB271}.Release|Win32.ActiveCfg = Release|Win32
		{018495D2-8EBA-42D2-A24D-EEA3297FB271}.Release|Win32.Build.0 = Release|Win32
		{018495D2-8EBA-42D2-A24D-EEA3297FB271}.Release|x64.ActiveCfg = Release|x64
		{018495D2-8EBA-42D2-A24D-EEA3297FB271}.Release|x64.Build.0 = Release|x64
		{C5122E6A-53B9-4FDF-B27F-F25A8B7D0B7D}.Debug|Win32.ActiveCfg = Debug|Win32
		{C5122E6A-53B9-4FDF-B27F-F25A8B7D0B7D}.Debug|Win32.Build.0 = Debug|Win32
		{C5122E6A-53B9-4FDF-B27F-F25A8B7D0B7D}.Debug|x64.ActiveCfg = Debug|x64
		{C5122E6A-53B9-4FDF-B27F-F25A8B7D0B7D}.Debug|x64.Build.0 = Debug|x64
		{C5122E6A-53B9-4FDF-B27F-F25A8B7D0B7D}.Release|Win32.ActiveCfg = Release|Win32
		{C5122E6A-53B9-4FDF-B27F-F25A8B7D0B7D}.Release|Win32.Build.0 = Release|Win32
		{C5122E6A-53B9-4FDF-B27F-F25A8B7D0B7D}.Release|x64.ActiveCfg = Release|x64
		{C5122E6A-53B9-4FDF-B27F-F25A8B7D0B7D}.Release|x64.Build.0 = Release|x64
		{E6954C42-F9EF-4228-894B-5805DF1DF73B}.Debug|Win32.ActiveCfg = Debug|Win32
		{E6954C42-F9EF-4228-894B-5805DF1DF73B}.Debug|Win32.Build.0 = Debug|Win32
		{E6954C42-F9EF-4228-894B-5805DF1DF73B}.Debug|x64.ActiveCfg = Debug|x64
		{E6954C42-F9EF-4228-894B-5805DF1DF73B}.Debug|x64.Build.0 = Debug|x64
		{E6954C42-F9EF-4228-894B-5805DF1DF73B}.Release|Win32.ActiveCfg = Release|Win32
		{E6954C42-F9EF-4228-894B-5805DF1DF73B}.Release|Win32.Build.0 = Release|Win32
		{E6954C42-F9EF-4228-894B-5805DF1DF73B}.Release|x64.ActiveCfg = Release|x64
		{E6954C42-F9EF-4228-894B-5805DF1DF73B}.Release|x64.Build.0 = Release|x64
		{FF94951A-6DCD-43DB-A438-D756EB74E0B1}.Debug|Win32.ActiveCfg = Debug|Win32
		{FF94951A-6DCD-43DB-A438-D756EB74E0B1}.Debug|Win32.Build.0 = Debug|Win32
		{FF94951A-6DCD-43DB-A438-D756EB74E0B1}.Debug|x64.ActiveCfg = Debug|x64
		{FF94951A-6DCD-43DB-A438-D756EB74E0B1}.Debug|x64.Build.0 = Debug|x64
		{FF94951A-6DCD-43DB-A438-D756EB74E0B1}.Release|Win32.ActiveCfg = Release|Win32
		{FF94951A-6DCD-43DB-A438-D756EB74E0B1}.Release|Win32.Build.0 = Release|Win32
		{FF94951A-6DCD-43DB-A438-D756EB74E0B1}.Release|x64.ActiveCfg = Release|x64
		{FF94951A-6DCD-43DB-A438-D756EB74E0B1}.Release|x64.Build.0 = Release|x64
		{12DA569A-21A7-46BB-BB81-EE73EF2B10FA}.Debug|Win32.ActiveCfg = Debug|Win32
		{12DA569A-21A7-46BB-BB81-EE73EF2B10FA}.Debug|Win32.Build.0 = Debug|Win32
		{12DA569A-21A7-46BB-BB81-EE73EF2B10FA}.Debug|x64.ActiveCfg = Debug|x64
		{12DA569A-21A7-46BB-BB81-EE73EF2B10FA}.Debug|x64.Build.0 = Debug|x64
		{12DA569A-21A7-46BB-BB81-EE73EF2B10FA}.Release|Win32.ActiveCfg = Release|Win32
		{12DA569A-21A7-46BB-BB81-EE73EF2B10FA}.Release|Win32.Build.0 = Release|Win32
		{12DA569A-21A7-46BB-BB81-EE73EF2B10FA}.Release|x64.ActiveCfg = Release|x64
		{12DA569A-21A7-46BB-BB81-EE73EF2B10FA}.Release|x64.Build.0 = Release|x64
		{531CE000-C40E-4FA6-8004-94FC853CFBE9}.Debug|Win32.ActiveCfg = Debug|Win32
		{531CE000-C40E-4FA6-8004-94FC853CFBE9}.Debug|Win32.Build.0 = Debug|Win32
		{531CE000-C40E-4FA6-8004-94FC853CFBE9}.Debug|x64.ActiveCfg = Debug|x64
		{531CE000-C40E-4FA6-8004-94FC853CFBE9}.Debug|x64.Build.0 = Debug|x64
		{531CE000-C40E-4FA6-8004-94FC853CFBE9}.Release|Win32.ActiveCfg = Release|Win32
		{531CE000-C40E-4FA6-8004-94FC853CFBE9}.Release|Win32.Build.0 = Release|Win32
		{531CE000-C40E-4FA6-8004-94FC853CFBE9}.Release|x64.ActiveCfg = Release|x64
		{531CE000-C40E-4FA6-8004-94FC853CFBE9}.Release|x64.Build.0 = Release|x64
		{DC764AD6-F78C-40B2-9722-8467D819F971}.Debug|Win32.ActiveCfg = Debug|Win32
		{DC764AD6-F78C-40B2-9722-8467D819F971}.Debug|Win32.Build.0 = Debug|Win32
		{DC764AD6-F78C-40B2-9722-8467D819F971}.Debug|x64.ActiveCfg = Debug|x64
		{DC764AD6-F78C-40B2-9722-8467D819F971}.Debug|x64.Build.0 = Debug|x64
		{DC764AD6-F78C-40B2-9722-8467D819F971}.Release|Win32.ActiveCfg = Release|Win32
		{DC764AD6-F78C-40B2-9722-8467D819F971}.Release|Win32.Build.0 = Release|Win32
		{DC764AD6-F78C-40B2-9722-8467D819F971}.Release|x64.ActiveCfg = Release|x64
		{DC764AD6-F78C-40B2-9722-8467D819F971}.Release|x64.Build.0 = Release|x64
		{A65B869E-1724-4F3F-82D0-517CB0C18ED4}.Debug|Win32.ActiveCfg = Debug|Win32
		{A65B869E-1724-4F3F-82D0-517CB0C18ED4}.Debug|Win32.Build.0 = Debug|Win32
		{A65B869E-1724-4F3F-82D0-517CB0C18ED4}.Debug|x64.ActiveCfg = Debug|x64
		{A65B869E-1724-4F3F-82D0-517CB0C18ED4}.Debug|x64.Build.0 = Debug|x64
		{A65B869E-1724-4F3F-82D0-517CB0C18ED4}.Release|Win32.ActiveCfg = Release|Win32
		{A65B869E-1724-4F3F-82D0-517CB0C18ED4}.Release|Win32.Build.0 = Release|Win32
		{A65B869E-1724-4F3F-82D0-517CB0C18ED4}.Release|x64.ActiveCfg = Release|x64
		{A65B869E-1724-4F3F-82D0-517CB0C18ED4}.Release|x64.Build.0 = Release|x64
		{832CB907-DC7E-4E81-940B-7B4703C54919}.Debug|Win32.ActiveCfg = Debug|Win32
		{832CB907-DC7E-4E81-940B-7B4703C54919}.Debug|Win32.Build.0 = Debug|Win32
		{832CB907-DC7E-4E81-940B-7B4703C54919}.Debug|x64.ActiveCfg = Debug|x64
		{832CB907-DC7E-4E81-940B-7B4703C54919}.Debug|x64.Build.0 = Debug|x64
		{832CB907-DC7E-4E81-940B-7B4703C54919}.Release|Win32.ActiveCfg = Release|Win32
		{832CB907-DC7E-4E81-940B-7B4703C54919}.Release|Win32.Build.0 = Release|Win32
		{832CB907-DC7E-4E81-940B-7B4703C54919}.Release|x64.ActiveCfg = Release|x64
		{832CB907-DC7E-4E81-940B-7B4703C54919}.Release|x64.Build.0 = Release|x64
		{F68C2EF8-17FC-49EC-AF9A-63DB0EA005AC}.Debug|Win32.ActiveCfg = Debug|Win32
		{F68C2EF8-17FC-49EC-AF9A-63DB0EA005AC}.Debug|Win32.Build.0 = Debug|Win32
		{F68C2EF8-17FC-49EC-AF9A-63DB0EA005AC}.Debug|x64.ActiveCfg = Debug|x64
		{F68C2EF8-17FC-49EC-AF9A-63DB0EA005AC}.Debug|x64.Build.0 = Debug|x64
		{F68C2EF8-17FC-49EC-AF9A-63DB0EA005AC}.Release|Win32.ActiveCfg = Release|Win32
		{F68C2EF8-17FC-49EC-AF9A-63DB0EA005AC}.Release|Win32.Build.0 = Release|Win32
		{F68C2EF8-17FC-49EC-AF9A-63DB0EA005AC}.Release|x64.ActiveCfg = Release|x64
		{F68C2EF8-17FC-49EC-AF9A-63DB0EA005AC}.Release|x64.Build.0 = Release|x64
		{E7BA89A4-2A40-4A0C-BE7B-B816C81071F3}.Debug|Win32.ActiveCfg = Debug|Win32
		{E7BA89A4-2A40-4A0C-BE7B-B816C81071F3}.Debug|Win32.Build.0 = Debug|Win32
		{E7BA89A4-2A40-4A0C-BE7B-B816C81071F3}.Debug|x64.ActiveCfg = Debug|x64
		{E7BA89A4-2A40-4A0C-BE7B-B816C81071F3}.Debug|x64.Build.0 = Debug|x64
		{E7BA89A4-2A40-4A0C-BE7B-B816C81071F3}.Release|Win32.ActiveCfg = Release|Win32
		{E7BA89A4-2A40-4A0C-BE7B-B816C81071F3}.Release|Win32.Build.0 = Release|Win32
		{E7BA89A4-2A40-4A0C-BE7B-B816C81071F3}.Release|x64.ActiveCfg = Release|x64
		{E7BA89A4-2A40-4A0C-BE7B-B816C81071F3}.Release|x64.Build.0 = Release|x64
		{CD96F6EC-C089-4BA0-8DE4-DFF23E3BD39D}.Debug|Win32.ActiveCfg = Debug|Win32
		{CD96F6EC-C089-4BA0-8DE4-DFF23E3BD39D}.Debug|Win32.Build.0 = Debug|Win32
		{CD96F6EC-C089-4BA0-8DE4-DFF23E3BD39D}.Debug|x64.ActiveCfg = Debug|x64
		{CD96F6EC-C089-4BA0-8DE4-DFF23E3BD39D}.Debug|x64.Build.0 = Debug|x64
		{CD96F6EC-C089-4BA0-8DE4-DFF23E3BD39D}.Release|Win32.ActiveCfg = Release|Win32
		{CD96F6EC-C089-4BA0-8DE4-DFF23E3BD39D}.Release|Win32.Build.0 = Release|Win32
		{CD96F6EC-C089-4BA0-8DE4-DFF23E3BD39D}.Release|x64.ActiveCfg = Release|x64
		{CD96F6EC-C089-4BA0-8DE4-DFF23E3BD39D}.Release|x64.Build.0 = Release|x64
		{9FE7A2D4-B4B0-4E8F-B3E1-8BE2AF005DFC}.Debug|Win32.ActiveCfg = Debug|Win32
		{9FE7A2D4-B4B0-4E8F-B3E1-8BE2AF005DFC}.Debug|Win32.Build.0 = Debug|Win32
		{9FE7A2D4-B4B0-4E8F-B3E1-8BE2AF005DFC}.Debug|x64.ActiveCfg = Debug|x64
		{9FE7A2D4-B4B0-4E8F-B3E1-8BE2AF005DFC}.Debug|x64.Build.0 = Debug|x64
		{9FE7A2D4-B4B0-4E8F-B3E1-8BE2AF005DFC}.Release|Win32.ActiveCfg = Release|Win32
		{9FE7A2D4-B4B0-4E8F-B3E1-8BE2AF005DFC}.Release|Win32.Build.0 = Release|Win32
		{9FE7A2D4-B4B0-4E8F-B3E1-8BE2AF005DFC}.Release|x64.ActiveCfg = Release|x64
		{9FE7A2D4-B4B0-4E8F-B3E1-8BE2AF005DFC}.Release|x64.Build.0 = Release|x64
		{FD44E58A-4FD1-4208-9BC7-A4E2568AEADC}.Debug|Win32.ActiveCfg = Debug|Win32
		{FD44E58A-4FD1-4208-9BC7-A4E2568AEADC}.Debug|Win32.Build.0 = Debug|Win32
		{FD44E58A-4FD1-4208-9BC7-A4E2568AEADC}.Debug|x64.ActiveCfg = Debug|x64
		{FD44E58A-4FD1-4208-9BC7-A4E2568AEADC}.Debug|x64.Build.0 = Debug|x64
		{FD44E58A-4FD1-4208-9BC7-A4E2568AEADC}.Release|Win32.ActiveCfg = Release|Win32
		{FD44E58A-4FD1-4208-9BC7-A4E2568AEADC}.Release|Win32.Build.0 = Release|Win32
		{FD44E58A-4FD1-4208-9BC7-A4E2568AEADC}.Release|x64.ActiveCfg = Release|x64
		{FD44E58A-4FD1-4208-9BC7-A4E2568AEADC}.Release|x64.Build.0 = Release|x64
		{9BE44DAE-90A9-44F7-8422-D68264E02175}.Debug|Win32.ActiveCfg = Debug|Win32
		{9BE44DAE-90A9-44F7-8422-D68264E02175}.Debug|Win32.Build.0 = Debug|Win32
		{9BE44DAE-90A9-44F7-8422-D68264E02175}.Debug|x64.ActiveCfg = Debug|x64
		{9BE44DAE-90A9-44F7-8422-D68264E02175}.Debug|x64.Build.0 = Debug|x64
		{9BE44DAE-90A9-44F7-8422-D68264E02175}.Release|Win32.ActiveCfg = Release|Win32
		{9BE44DAE-90A9-44F7-8422-D68264E02175}.Release|Win32.Build.0 = Release|Win32
		{9BE44DAE-90A9-44F7-8422-D68264E02175}.Release|x64.ActiveCfg = Release|x64
		{9BE44DAE-90A9-44F7-8422-D68264E02175}.Release|x64.Build.0 = Release|x64
		{9F64C8CD-239B-4609-B657-853C1B188FE4}.Debug|Win32.ActiveCfg = Debug|Win32
		{9F64C8CD-239B-4609-B657-853C1B188FE4}.Debug|Win32.Build.0 = Debug|Win32
		{9F64C8CD-239B-4609-B657-853C1B188FE4}.Debug|x64.ActiveCfg = Debug|x64
		{9F64C8CD-239B-4609-B657-853C1B188FE4}.Debug|x64.Build.0 = Debug|x64
		{9F64C8CD-239B-4609-B657-853C1B188FE4}.Release|Win32.ActiveCfg = Release|Win32
		{9F64C8CD-239B-4609-B657-853C1B188FE4}.Release|Win32.Build.0 = Release|Win32
		{9F64C8CD-239B-4609-B657-853C1B188FE4}.Release|x64.ActiveCfg = Release|x64
		{9F64C8CD-239B-4609-B657-853C1B188FE4}.Release|x64.Build.0 = Release|x64
	EndGlobalSection
	GlobalSection(SolutionProperties) = preSolution
		HideSolutionNode = FALSE
	EndGlobalSection
	GlobalSection(NestedProjects) = preSolution
		{334B5CB9-4680-4A4B-B859-98397BB9B69B} = {748A5531-1207-40B6-B85B-1756883B73E2}
		{A3821C89-B61C-45ED-9D91-FC0C81DF6FB2} = {748A5531-1207-40B6-B85B-1756883B73E2}
		{0C680429-EDE0-492B-9EA2-DEB79AD672C5} = {748A5531-1207-40B6-B85B-1756883B73E2}
		{854FBF6B-064F-497B-B839-F75CE8AD12AE} = {748A5531-1207-40B6-B85B-1756883B73E2}
		{AD9384BA-025C-439A-800E-AEC8D190EE9E} = {748A5531-1207-40B6-B85B-1756883B73E2}
		{98270A18-C895-472D-B847-E86B43D80788} = {748A5531-1207-40B6-B85B-1756883B73E2}
		{F885FBAE-A8DE-46DA-A50D-D7F61926BF6E} = {748A5531-1207-40B6-B85B-1756883B73E2}
		{D6377ACB-7D97-4F5B-BB48-A9BA38E470FC} = {748A5531-1207-40B6-B85B-1756883B73E2}
		{0BC80B5A-E534-4150-8C8F-513C03AB7819} = {748A5531-1207-40B6-B85B-1756883B73E2}
		{8D3EEEAB-269B-439F-BEE8-D9FDE652820F} = {748A5531-1207-40B6-B85B-1756883B73E2}
		{39617A00-DD13-4B72-9E1D-D01934EFD3AE} = {748A5531-1207-40B6-B85B-1756883B73E2}
		{0F830230-444A-4B76-97C5-5EDF8FAD6EC0} = {748A5531-1207-40B6-B85B-1756883B73E2}
		{AC0E77A1-EAD4-4C13-9E65-9CCE63E1B737} = {748A5531-1207-40B6-B85B-1756883B73E2}
		{3B139484-AB69-4F91-8722-02923B478BEF} = {748A5531-1207-40B6-B85B-1756883B73E2}
		{3B9E6359-1625-4431-A684-9903CC84FA05} = {748A5531-1207-40B6-B85B-1756883B73E2}
		{8367F834-C483-468B-BBF9-51D1463B7454} = {748A5531-1207-40B6-B85B-1756883B73E2}
		{6BA63F51-F323-44FE-86DA-08A999AE9C45} = {748A5531-1207-40B6-B85B-1756883B73E2}
		{3DCEEDA7-6C7E-440F-825C-87403A108310} = {748A5531-1207-40B6-B85B-1756883B73E2}
		{382BC4E9-04DC-4156-B7FC-D99735EF87DC} = {748A5531-1207-40B6-B85B-1756883B73E2}
		{87C8E063-E6EA-40F5-A697-427A6BFA04E7} = {748A5531-1207-40B6-B85B-1756883B73E2}
		{3163FC98-85B0-4E9E-9916-289B9C8B089F} = {748A5531-1207-40B6-B85B-1756883B73E2}
		{018495D2-8EBA-42D2-A24D-EEA3297FB271} = {748A5531-1207-40B6-B85B-1756883B73E2}
		{C5122E6A-53B9-4FDF-B27F-F25A8B7D0B7D} = {748A5531-1207-40B6-B85B-1756883B73E2}
		{E6954C42-F9EF-4228-894B-5805DF1DF73B} = {748A5531-1207-40B6-B85B-1756883B73E2}
		{FF94951A-6DCD-43DB-A438-D756EB74E0B1} = {748A5531-1207-40B6-B85B-1756883B73E2}
		{12DA569A-21A7-46BB-BB81-EE73EF2B10FA} = {748A5531-1207-40B6-B85B-1756883B73E2}
		{531CE000-C40E-4FA6-8004-94FC853CFBE9} = {748A5531-1207-40B6-B85B-1756883B73E2}
		{DC764AD6-F78C-40B2-9722-8467D819F971} = {748A5531-1207-40B6-B85B-1756883B73E2}
		{A65B869E-1724-4F3F-82D0-517CB0C18ED4} = {748A5531-1207-40B6-B85B-1756883B73E2}
		{0F373C64-073E-4C5D-B0AD-915B768D70E5} = {876B0834-FA1C-432D-8496-453AEAFDDEA6}
		{4EAC80CC-FCA8-419E-BC3B-3B2B40E10227} = {876B0834-FA1C-432D-8496-453AEAFDDEA6}
		{22516218-9CFA-4306-945E-13811888B96B} = {876B0834-FA1C-432D-8496-453AEAFDDEA6}
		{832CB907-DC7E-4E81-940B-7B4703C54919} = {876B0834-FA1C-432D-8496-453AEAFDDEA6}
		{F68C2EF8-17FC-49EC-AF9A-63DB0EA005AC} = {876B0834-FA1C-432D-8496-453AEAFDDEA6}
		{E7BA89A4-2A40-4A0C-BE7B-B816C81071F3} = {876B0834-FA1C-432D-8496-453AEAFDDEA6}
		{CD96F6EC-C089-4BA0-8DE4-DFF23E3BD39D} = {876B0834-FA1C-432D-8496-453AEAFDDEA6}
		{9BE44DAE-90A9-44F7-8422-D68264E02175} = {B48A8035-6DC3-4616-B5AB-61D3D4719E51}
		{FD44E58A-4FD1-4208-9BC7-A4E2568AEADC} = {B48A8035-6DC3-4616-B5AB-61D3D4719E51}
	EndGlobalSection
EndGlobal
